
Microsoft Visual Studio Solution File, Format Version 12.00
# Visual Studio Version 16
VisualStudioVersion = 16.0.29519.181
MinimumVisualStudioVersion = 10.0.40219.1
Project("{888888A0-9F3D-457C-B088-3A5042F75D52}") = "HalconPython", "HalconPython\HalconPython.pyproj", "{B69B4E90-5DD1-49EB-B89C-454FACB658FE}"
EndProject
Global
	GlobalSection(SolutionConfigurationPlatforms) = preSolution
		Debug|Any CPU = Debug|Any CPU
		Release|Any CPU = Release|Any CPU
	EndGlobalSection
	GlobalSection(ProjectConfigurationPlatforms) = postSolution
		{B69B4E90-5DD1-49EB-B89C-454FACB658FE}.Debug|Any CPU.ActiveCfg = Debug|Any CPU
		{B69B4E90-5DD1-49EB-B89C-454FACB658FE}.Release|Any CPU.ActiveCfg = Release|Any CPU
	EndGlobalSection
	GlobalSection(SolutionProperties) = preSolution
		HideSolutionNode = FALSE
	EndGlobalSection
	GlobalSection(ExtensibilityGlobals) = postSolution
		SolutionGuid = {0340BA95-D235-4BED-92C6-AC9AD809B9DF}
	EndGlobalSection
EndGlobal
